
Microsoft Visual Studio Solution File, Format Version 12.00
# Visual Studio Version 16
VisualStudioVersion = 16.0.31702.278
MinimumVisualStudioVersion = 10.0.40219.1
Project("{FAE04EC0-301F-11D3-BF4B-00C04F79EFBC}") = "FIT5032_MyCodeSnippet", "FIT5032_MyCodeSnippet\FIT5032_MyCodeSnippet.csproj", "{4917F2C3-04CA-4149-A674-804721633819}"
EndProject
Global
	GlobalSection(SolutionConfigurationPlatforms) = preSolution
		Debug|Any CPU = Debug|Any CPU
		Release|Any CPU = Release|Any CPU
	EndGlobalSection
	GlobalSection(ProjectConfigurationPlatforms) = postSolution
		{4917F2C3-04CA-4149-A674-804721633819}.Debug|Any CPU.ActiveCfg = Debug|Any CPU
		{4917F2C3-04CA-4149-A674-804721633819}.Debug|Any CPU.Build.0 = Debug|Any CPU
		{4917F2C3-04CA-4149-A674-804721633819}.Release|Any CPU.ActiveCfg = Release|Any CPU
		{4917F2C3-04CA-4149-A674-804721633819}.Release|Any CPU.Build.0 = Release|Any CPU
	EndGlobalSection
	GlobalSection(SolutionProperties) = preSolution
		HideSolutionNode = FALSE
	EndGlobalSection
	GlobalSection(ExtensibilityGlobals) = postSolution
		SolutionGuid = {EA818860-C280-4081-962E-986FABDAABA2}
	EndGlobalSection
EndGlobal
